
Microsoft Visual Studio Solution File, Format Version 12.00
# Visual Studio Version 17
VisualStudioVersion = 17.0.31903.59
MinimumVisualStudioVersion = 10.0.40219.1
Project("{FAE04EC0-301F-11D3-BF4B-00C04F79EFBC}") = "RefaccionariaCuate.Api", "src\Api\RefaccionariaCuate.Api.csproj", "{5A1C16A4-7B21-4A88-A6C2-0D2A22B8E001}"
EndProject
Project("{FAE04EC0-301F-11D3-BF4B-00C04F79EFBC}") = "RefaccionariaCuate.Application", "src\Application\RefaccionariaCuate.Application.csproj", "{5A1C16A4-7B21-4A88-A6C2-0D2A22B8E002}"
EndProject
Project("{FAE04EC0-301F-11D3-BF4B-00C04F79EFBC}") = "RefaccionariaCuate.Domain", "src\Domain\RefaccionariaCuate.Domain.csproj", "{5A1C16A4-7B21-4A88-A6C2-0D2A22B8E003}"
EndProject
Project("{FAE04EC0-301F-11D3-BF4B-00C04F79EFBC}") = "RefaccionariaCuate.Infrastructure", "src\Infrastructure\RefaccionariaCuate.Infrastructure.csproj", "{5A1C16A4-7B21-4A88-A6C2-0D2A22B8E004}"
EndProject
Project("{FAE04EC0-301F-11D3-BF4B-00C04F79EFBC}") = "RefaccionariaCuate.IntegrationTests", "tests\IntegrationTests\RefaccionariaCuate.IntegrationTests.csproj", "{8B6F4A7E-2EF4-4B8B-96D4-0D1D66D4E8A1}"
EndProject
Project("{2150E333-8FDC-42A3-9474-1A3956D46DE8}") = "tests", "tests", "{0AB3BF05-4346-4AA6-1389-037BE0695223}"
EndProject
Project("{2150E333-8FDC-42A3-9474-1A3956D46DE8}") = "IntegrationTests", "IntegrationTests", "{30785934-E017-5D9F-2777-3D61460A5281}"
EndProject
Global
	GlobalSection(SolutionConfigurationPlatforms) = preSolution
		Debug|Any CPU = Debug|Any CPU
		Debug|x64 = Debug|x64
		Debug|x86 = Debug|x86
		Release|Any CPU = Release|Any CPU
		Release|x64 = Release|x64
		Release|x86 = Release|x86
	EndGlobalSection
	GlobalSection(ProjectConfigurationPlatforms) = postSolution
		{5A1C16A4-7B21-4A88-A6C2-0D2A22B8E001}.Debug|Any CPU.ActiveCfg = Debug|Any CPU
		{5A1C16A4-7B21-4A88-A6C2-0D2A22B8E001}.Debug|Any CPU.Build.0 = Debug|Any CPU
		{5A1C16A4-7B21-4A88-A6C2-0D2A22B8E001}.Debug|x64.ActiveCfg = Debug|Any CPU
		{5A1C16A4-7B21-4A88-A6C2-0D2A22B8E001}.Debug|x64.Build.0 = Debug|Any CPU
		{5A1C16A4-7B21-4A88-A6C2-0D2A22B8E001}.Debug|x86.ActiveCfg = Debug|Any CPU
		{5A1C16A4-7B21-4A88-A6C2-0D2A22B8E001}.Debug|x86.Build.0 = Debug|Any CPU
		{5A1C16A4-7B21-4A88-A6C2-0D2A22B8E001}.Release|Any CPU.ActiveCfg = Release|Any CPU
		{5A1C16A4-7B21-4A88-A6C2-0D2A22B8E001}.Release|Any CPU.Build.0 = Release|Any CPU
		{5A1C16A4-7B21-4A88-A6C2-0D2A22B8E001}.Release|x64.ActiveCfg = Release|Any CPU
		{5A1C16A4-7B21-4A88-A6C2-0D2A22B8E001}.Release|x64.Build.0 = Release|Any CPU
		{5A1C16A4-7B21-4A88-A6C2-0D2A22B8E001}.Release|x86.ActiveCfg = Release|Any CPU
		{5A1C16A4-7B21-4A88-A6C2-0D2A22B8E001}.Release|x86.Build.0 = Release|Any CPU
		{5A1C16A4-7B21-4A88-A6C2-0D2A22B8E002}.Debug|Any CPU.ActiveCfg = Debug|Any CPU
		{5A1C16A4-7B21-4A88-A6C2-0D2A22B8E002}.Debug|Any CPU.Build.0 = Debug|Any CPU
		{5A1C16A4-7B21-4A88-A6C2-0D2A22B8E002}.Debug|x64.ActiveCfg = Debug|Any CPU
		{5A1C16A4-7B21-4A88-A6C2-0D2A22B8E002}.Debug|x64.Build.0 = Debug|Any CPU
		{5A1C16A4-7B21-4A88-A6C2-0D2A22B8E002}.Debug|x86.ActiveCfg = Debug|Any CPU
		{5A1C16A4-7B21-4A88-A6C2-0D2A22B8E002}.Debug|x86.Build.0 = Debug|Any CPU
		{5A1C16A4-7B21-4A88-A6C2-0D2A22B8E002}.Release|Any CPU.ActiveCfg = Release|Any CPU
		{5A1C16A4-7B21-4A88-A6C2-0D2A22B8E002}.Release|Any CPU.Build.0 = Release|Any CPU
		{5A1C16A4-7B21-4A88-A6C2-0D2A22B8E002}.Release|x64.ActiveCfg = Release|Any CPU
		{5A1C16A4-7B21-4A88-A6C2-0D2A22B8E002}.Release|x64.Build.0 = Release|Any CPU
		{5A1C16A4-7B21-4A88-A6C2-0D2A22B8E002}.Release|x86.ActiveCfg = Release|Any CPU
		{5A1C16A4-7B21-4A88-A6C2-0D2A22B8E002}.Release|x86.Build.0 = Release|Any CPU
		{5A1C16A4-7B21-4A88-A6C2-0D2A22B8E003}.Debug|Any CPU.ActiveCfg = Debug|Any CPU
		{5A1C16A4-7B21-4A88-A6C2-0D2A22B8E003}.Debug|Any CPU.Build.0 = Debug|Any CPU
		{5A1C16A4-7B21-4A88-A6C2-0D2A22B8E003}.Debug|x64.ActiveCfg = Debug|Any CPU
		{5A1C16A4-7B21-4A88-A6C2-0D2A22B8E003}.Debug|x64.Build.0 = Debug|Any CPU
		{5A1C16A4-7B21-4A88-A6C2-0D2A22B8E003}.Debug|x86.ActiveCfg = Debug|Any CPU
		{5A1C16A4-7B21-4A88-A6C2-0D2A22B8E003}.Debug|x86.Build.0 = Debug|Any CPU
		{5A1C16A4-7B21-4A88-A6C2-0D2A22B8E003}.Release|Any CPU.ActiveCfg = Release|Any CPU
		{5A1C16A4-7B21-4A88-A6C2-0D2A22B8E003}.Release|Any CPU.Build.0 = Release|Any CPU
		{5A1C16A4-7B21-4A88-A6C2-0D2A22B8E003}.Release|x64.ActiveCfg = Release|Any CPU
		{5A1C16A4-7B21-4A88-A6C2-0D2A22B8E003}.Release|x64.Build.0 = Release|Any CPU
		{5A1C16A4-7B21-4A88-A6C2-0D2A22B8E003}.Release|x86.ActiveCfg = Release|Any CPU
		{5A1C16A4-7B21-4A88-A6C2-0D2A22B8E003}.Release|x86.Build.0 = Release|Any CPU
		{5A1C16A4-7B21-4A88-A6C2-0D2A22B8E004}.Debug|Any CPU.ActiveCfg = Debug|Any CPU
		{5A1C16A4-7B21-4A88-A6C2-0D2A22B8E004}.Debug|Any CPU.Build.0 = Debug|Any CPU
		{5A1C16A4-7B21-4A88-A6C2-0D2A22B8E004}.Debug|x64.ActiveCfg = Debug|Any CPU
		{5A1C16A4-7B21-4A88-A6C2-0D2A22B8E004}.Debug|x64.Build.0 = Debug|Any CPU
		{5A1C16A4-7B21-4A88-A6C2-0D2A22B8E004}.Debug|x86.ActiveCfg = Debug|Any CPU
		{5A1C16A4-7B21-4A88-A6C2-0D2A22B8E004}.Debug|x86.Build.0 = Debug|Any CPU
		{5A1C16A4-7B21-4A88-A6C2-0D2A22B8E004}.Release|Any CPU.ActiveCfg = Release|Any CPU
		{5A1C16A4-7B21-4A88-A6C2-0D2A22B8E004}.Release|Any CPU.Build.0 = Release|Any CPU
		{5A1C16A4-7B21-4A88-A6C2-0D2A22B8E004}.Release|x64.ActiveCfg = Release|Any CPU
		{5A1C16A4-7B21-4A88-A6C2-0D2A22B8E004}.Release|x64.Build.0 = Release|Any CPU
		{5A1C16A4-7B21-4A88-A6C2-0D2A22B8E004}.Release|x86.ActiveCfg = Release|Any CPU
		{5A1C16A4-7B21-4A88-A6C2-0D2A22B8E004}.Release|x86.Build.0 = Release|Any CPU
		{8B6F4A7E-2EF4-4B8B-96D4-0D1D66D4E8A1}.Debug|x64.ActiveCfg = Debug|Any CPU
		{8B6F4A7E-2EF4-4B8B-96D4-0D1D66D4E8A1}.Debug|x64.Build.0 = Debug|Any CPU
		{8B6F4A7E-2EF4-4B8B-96D4-0D1D66D4E8A1}.Debug|x86.ActiveCfg = Debug|Any CPU
		{8B6F4A7E-2EF4-4B8B-96D4-0D1D66D4E8A1}.Debug|x86.Build.0 = Debug|Any CPU
		{8B6F4A7E-2EF4-4B8B-96D4-0D1D66D4E8A1}.Release|x64.ActiveCfg = Release|Any CPU
		{8B6F4A7E-2EF4-4B8B-96D4-0D1D66D4E8A1}.Release|x64.Build.0 = Release|Any CPU
		{8B6F4A7E-2EF4-4B8B-96D4-0D1D66D4E8A1}.Release|x86.ActiveCfg = Release|Any CPU
		{8B6F4A7E-2EF4-4B8B-96D4-0D1D66D4E8A1}.Release|x86.Build.0 = Release|Any CPU
	EndGlobalSection
	GlobalSection(SolutionProperties) = preSolution
		HideSolutionNode = FALSE
	EndGlobalSection
	GlobalSection(NestedProjects) = preSolution
		{30785934-E017-5D9F-2777-3D61460A5281} = {0AB3BF05-4346-4AA6-1389-037BE0695223}
	EndGlobalSection
EndGlobal
